
Microsoft Visual Studio Solution File, Format Version 12.00
# Visual Studio Version 16
VisualStudioVersion = 16.0.30011.22
MinimumVisualStudioVersion = 10.0.40219.1
Project("{FAE04EC0-301F-11D3-BF4B-00C04F79EFBC}") = "Arvore", "Arvore\Arvore.csproj", "{9FD544D0-D19B-41DF-9F82-72558E74DA46}"
EndProject
Global
	GlobalSection(SolutionConfigurationPlatforms) = preSolution
		Debug|Any CPU = Debug|Any CPU
		Release|Any CPU = Release|Any CPU
	EndGlobalSection
	GlobalSection(ProjectConfigurationPlatforms) = postSolution
		{9FD544D0-D19B-41DF-9F82-72558E74DA46}.Debug|Any CPU.ActiveCfg = Debug|Any CPU
		{9FD544D0-D19B-41DF-9F82-72558E74DA46}.Debug|Any CPU.Build.0 = Debug|Any CPU
		{9FD544D0-D19B-41DF-9F82-72558E74DA46}.Release|Any CPU.ActiveCfg = Release|Any CPU
		{9FD544D0-D19B-41DF-9F82-72558E74DA46}.Release|Any CPU.Build.0 = Release|Any CPU
	EndGlobalSection
	GlobalSection(SolutionProperties) = preSolution
		HideSolutionNode = FALSE
	EndGlobalSection
	GlobalSection(ExtensibilityGlobals) = postSolution
		SolutionGuid = {AD86565E-D9E6-477F-A32D-23E5C26D8FB2}
	EndGlobalSection
EndGlobal
